
Microsoft Visual Studio Solution File, Format Version 12.00
# Visual Studio 14
VisualStudioVersion = 14.0.25420.1
MinimumVisualStudioVersion = 10.0.40219.1
Project("{FAE04EC0-301F-11D3-BF4B-00C04F79EFBC}") = "pt", "pt\pt.csproj", "{D67D33AB-1A9B-47ED-8011-20E5BA0E1CD4}"
EndProject
Project("{FAE04EC0-301F-11D3-BF4B-00C04F79EFBC}") = "UnitTestProject1", "UnitTestProject1\UnitTestProject1.csproj", "{B042D86A-C781-4E2B-A3B8-62F27C3703AB}"
EndProject
Global
	GlobalSection(SolutionConfigurationPlatforms) = preSolution
		Debug|Any CPU = Debug|Any CPU
		Release|Any CPU = Release|Any CPU
	EndGlobalSection
	GlobalSection(ProjectConfigurationPlatforms) = postSolution
		{D67D33AB-1A9B-47ED-8011-20E5BA0E1CD4}.Debug|Any CPU.ActiveCfg = Debug|Any CPU
		{D67D33AB-1A9B-47ED-8011-20E5BA0E1CD4}.Debug|Any CPU.Build.0 = Debug|Any CPU
		{D67D33AB-1A9B-47ED-8011-20E5BA0E1CD4}.Release|Any CPU.ActiveCfg = Release|Any CPU
		{D67D33AB-1A9B-47ED-8011-20E5BA0E1CD4}.Release|Any CPU.Build.0 = Release|Any CPU
		{B042D86A-C781-4E2B-A3B8-62F27C3703AB}.Debug|Any CPU.ActiveCfg = Debug|Any CPU
		{B042D86A-C781-4E2B-A3B8-62F27C3703AB}.Debug|Any CPU.Build.0 = Debug|Any CPU
		{B042D86A-C781-4E2B-A3B8-62F27C3703AB}.Release|Any CPU.ActiveCfg = Release|Any CPU
		{B042D86A-C781-4E2B-A3B8-62F27C3703AB}.Release|Any CPU.Build.0 = Release|Any CPU
	EndGlobalSection
	GlobalSection(SolutionProperties) = preSolution
		HideSolutionNode = FALSE
	EndGlobalSection
EndGlobal
